
Microsoft Visual Studio Solution File, Format Version 12.00
Project("{FAE04EC0-301F-11D3-BF4B-00C04F79EFBC}") = "dotnet-auth", "dotnet-auth.csproj", "{69CD49E4-F4C4-4017-85B4-F01D4F274FE3}"
EndProject
Global
	GlobalSection(SolutionConfigurationPlatforms) = preSolution
		Debug|Any CPU = Debug|Any CPU
		Release|Any CPU = Release|Any CPU
	EndGlobalSection
	GlobalSection(ProjectConfigurationPlatforms) = postSolution
		{69CD49E4-F4C4-4017-85B4-F01D4F274FE3}.Debug|Any CPU.ActiveCfg = Debug|Any CPU
		{69CD49E4-F4C4-4017-85B4-F01D4F274FE3}.Debug|Any CPU.Build.0 = Debug|Any CPU
		{69CD49E4-F4C4-4017-85B4-F01D4F274FE3}.Release|Any CPU.ActiveCfg = Release|Any CPU
		{69CD49E4-F4C4-4017-85B4-F01D4F274FE3}.Release|Any CPU.Build.0 = Release|Any CPU
	EndGlobalSection
EndGlobal
